// !$*UTF8*$!
{
	archiveVersion = 1;
	classes = {
	};
	objectVersion = 46;
	objects = {

/* Begin PBXBuildFile section */
		5A05916019C1F4F300A315DD /* AppDelegate.swift in Sources */ = {isa = PBXBuildFile; fileRef = 5A05915F19C1F4F300A315DD /* AppDelegate.swift */; };
		5A05916219C1F4F300A315DD /* ViewController.swift in Sources */ = {isa = PBXBuildFile; fileRef = 5A05916119C1F4F300A315DD /* ViewController.swift */; };
		5A05916519C1F4F300A315DD /* Main.storyboard in Resources */ = {isa = PBXBuildFile; fileRef = 5A05916319C1F4F300A315DD /* Main.storyboard */; };
		5A05916719C1F4F300A315DD /* Images.xcassets in Resources */ = {isa = PBXBuildFile; fileRef = 5A05916619C1F4F300A315DD /* Images.xcassets */; };
		5A05916A19C1F4F300A315DD /* LaunchScreen.xib in Resources */ = {isa = PBXBuildFile; fileRef = 5A05916819C1F4F300A315DD /* LaunchScreen.xib */; };
		5A05917619C1F4F300A315DD /* PostkarteTests.swift in Sources */ = {isa = PBXBuildFile; fileRef = 5A05917519C1F4F300A315DD /* PostkarteTests.swift */; };
/* End PBXBuildFile section */

/* Begin PBXContainerItemProxy section */
		5A05917019C1F4F300A315DD /* PBXContainerItemProxy */ = {
			isa = PBXContainerItemProxy;
			containerPortal = 5A05915219C1F4F300A315DD /* Project object */;
			proxyType = 1;
			remoteGlobalIDString = 5A05915919C1F4F300A315DD;
			remoteInfo = Postkarte;
		};
/* End PBXContainerItemProxy section */

/* Begin PBXFileReference section */
		5A05915A19C1F4F300A315DD /* Postkarte.app */ = {isa = PBXFileReference; explicitFileType = wrapper.application; includeInIndex = 0; path = Postkarte.app; sourceTree = BUILT_PRODUCTS_DIR; };
		5A05915E19C1F4F300A315DD /* Info.plist */ = {isa = PBXFileReference; lastKnownFileType = text.plist.xml; path = Info.plist; sourceTree = "<group>"; };
		5A05915F19C1F4F300A315DD /* AppDelegate.swift */ = {isa = PBXFileReference; lastKnownFileType = sourcecode.swift; path = AppDelegate.swift; sourceTree = "<group>"; };
		5A05916119C1F4F300A315DD /* ViewController.swift */ = {isa = PBXFileReference; lastKnownFileType = sourcecode.swift; path = ViewController.swift; sourceTree = "<group>"; };
		5A05916419C1F4F300A315DD /* Base */ = {isa = PBXFileReference; lastKnownFileType = file.storyboard; name = Base; path = Base.lproj/Main.storyboard; sourceTree = "<group>"; };
		5A05916619C1F4F300A315DD /* Images.xcassets */ = {isa = PBXFileReference; lastKnownFileType = folder.assetcatalog; path = Images.xcassets; sourceTree = "<group>"; };
		5A05916919C1F4F300A315DD /* Base */ = {isa = PBXFileReference; lastKnownFileType = file.xib; name = Base; path = Base.lproj/LaunchScreen.xib; sourceTree = "<group>"; };
		5A05916F19C1F4F300A315DD /* PostkarteTests.xctest */ = {isa = PBXFileReference; explicitFileType = wrapper.cfbundle; includeInIndex = 0; path = PostkarteTests.xctest; sourceTree = BUILT_PRODUCTS_DIR; };
		5A05917419C1F4F300A315DD /* Info.plist */ = {isa = PBXFileReference; lastKnownFileType = text.plist.xml; path = Info.plist; sourceTree = "<group>"; };
		5A05917519C1F4F300A315DD /* PostkarteTests.swift */ = {isa = PBXFileReference; lastKnownFileType = sourcecode.swift; path = PostkarteTests.swift; sourceTree = "<group>"; };
/* End PBXFileReference section */

/* Begin PBXFrameworksBuildPhase section */
		5A05915719C1F4F300A315DD /* Frameworks */ = {
			isa = PBXFrameworksBuildPhase;
			buildActionMask = 2147483647;
			files = (
			);
			runOnlyForDeploymentPostprocessing = 0;
		};
		5A05916C19C1F4F300A315DD /* Frameworks */ = {
			isa = PBXFrameworksBuildPhase;
			buildActionMask = 2147483647;
			files = (
			);
			runOnlyForDeploymentPostprocessing = 0;
		};
/* End PBXFrameworksBuildPhase section */

/* Begin PBXGroup section */
		5A05915119C1F4F300A315DD = {
			isa = PBXGroup;
			children = (
				5A05915C19C1F4F300A315DD /* Postkarte */,
				5A05917219C1F4F300A315DD /* PostkarteTests */,
				5A05915B19C1F4F300A315DD /* Products */,
			);
			sourceTree = "<group>";
		};
		5A05915B19C1F4F300A315DD /* Products */ = {
			isa = PBXGroup;
			children = (
				5A05915A19C1F4F300A315DD /* Postkarte.app */,
				5A05916F19C1F4F300A315DD /* PostkarteTests.xctest */,
			);
			name = Products;
			sourceTree = "<group>";
		};
		5A05915C19C1F4F300A315DD /* Postkarte */ = {
			isa = PBXGroup;
			children = (
				5A05915F19C1F4F300A315DD /* AppDelegate.swift */,
				5A05916119C1F4F300A315DD /* ViewController.swift */,
				5A05916319C1F4F300A315DD /* Main.storyboard */,
				5A05916619C1F4F300A315DD /* Images.xcassets */,
				5A05916819C1F4F300A315DD /* LaunchScreen.xib */,
				5A05915D19C1F4F300A315DD /* Supporting Files */,
			);
			path = Postkarte;
			sourceTree = "<group>";
		};
		5A05915D19C1F4F300A315DD /* Supporting Files */ = {
			isa = PBXGroup;
			children = (
				5A05915E19C1F4F300A315DD /* Info.plist */,
			);
			name = "Supporting Files";
			sourceTree = "<group>";
		};
		5A05917219C1F4F300A315DD /* PostkarteTests */ = {
			isa = PBXGroup;
			children = (
				5A05917519C1F4F300A315DD /* PostkarteTests.swift */,
				5A05917319C1F4F300A315DD /* Supporting Files */,
			);
			path = PostkarteTests;
			sourceTree = "<group>";
		};
		5A05917319C1F4F300A315DD /* Supporting Files */ = {
			isa = PBXGroup;
			children = (
				5A05917419C1F4F300A315DD /* Info.plist */,
			);
			name = "Supporting Files";
			sourceTree = "<group>";
		};
/* End PBXGroup section */

/* Begin PBXNativeTarget section */
		5A05915919C1F4F300A315DD /* Postkarte */ = {
			isa = PBXNativeTarget;
			buildConfigurationList = 5A05917919C1F4F300A315DD /* Build configuration list for PBXNativeTarget "Postkarte" */;
			buildPhases = (
				5A05915619C1F4F300A315DD /* Sources */,
				5A05915719C1F4F300A315DD /* Frameworks */,
				5A05915819C1F4F300A315DD /* Resources */,
			);
			buildRules = (
			);
			dependencies = (
			);
			name = Postkarte;
			productName = Postkarte;
			productReference = 5A05915A19C1F4F300A315DD /* Postkarte.app */;
			productType = "com.apple.product-type.application";
		};
		5A05916E19C1F4F300A315DD /* PostkarteTests */ = {
			isa = PBXNativeTarget;
			buildConfigurationList = 5A05917C19C1F4F300A315DD /* Build configuration list for PBXNativeTarget "PostkarteTests" */;
			buildPhases = (
				5A05916B19C1F4F300A315DD /* Sources */,
				5A05916C19C1F4F300A315DD /* Frameworks */,
				5A05916D19C1F4F300A315DD /* Resources */,
			);
			buildRules = (
			);
			dependencies = (
				5A05917119C1F4F300A315DD /* PBXTargetDependency */,
			);
			name = PostkarteTests;
			productName = PostkarteTests;
			productReference = 5A05916F19C1F4F300A315DD /* PostkarteTests.xctest */;
			productType = "com.apple.product-type.bundle.unit-test";
		};
/* End PBXNativeTarget section */

/* Begin PBXProject section */
		5A05915219C1F4F300A315DD /* Project object */ = {
			isa = PBXProject;
			attributes = {
				LastUpgradeCheck = 0600;
				ORGANIZATIONNAME = "PB King";
				TargetAttributes = {
					5A05915919C1F4F300A315DD = {
						CreatedOnToolsVersion = 6.0;
					};
					5A05916E19C1F4F300A315DD = {
						CreatedOnToolsVersion = 6.0;
						TestTargetID = 5A05915919C1F4F300A315DD;
					};
				};
			};
			buildConfigurationList = 5A05915519C1F4F300A315DD /* Build configuration list for PBXProject "Postkarte" */;
			compatibilityVersion = "Xcode 3.2";
			developmentRegion = English;
			hasScannedForEncodings = 0;
			knownRegions = (
				en,
				Base,
			);
			mainGroup = 5A05915119C1F4F300A315DD;
			productRefGroup = 5A05915B19C1F4F300A315DD /* Products */;
			projectDirPath = "";
			projectRoot = "";
			targets = (
				5A05915919C1F4F300A315DD /* Postkarte */,
				5A05916E19C1F4F300A315DD /* PostkarteTests */,
			);
		};
/* End PBXProject section */

/* Begin PBXResourcesBuildPhase section */
		5A05915819C1F4F300A315DD /* Resources */ = {
			isa = PBXResourcesBuildPhase;
			buildActionMask = 2147483647;
			files = (
				5A05916519C1F4F300A315DD /* Main.storyboard in Resources */,
				5A05916A19C1F4F300A315DD /* LaunchScreen.xib in Resources */,
				5A05916719C1F4F300A315DD /* Images.xcassets in Resources */,
			);
			runOnlyForDeploymentPostprocessing = 0;
		};
		5A05916D19C1F4F300A315DD /* Resources */ = {
			isa = PBXResourcesBuildPhase;
			buildActionMask = 2147483647;
			files = (
			);
			runOnlyForDeploymentPostprocessing = 0;
		};
/* End PBXResourcesBuildPhase section */

/* Begin PBXSourcesBuildPhase section */
		5A05915619C1F4F300A315DD /* Sources */ = {
			isa = PBXSourcesBuildPhase;
			buildActionMask = 2147483647;
			files = (
				5A05916219C1F4F300A315DD /* ViewController.swift in Sources */,
				5A05916019C1F4F300A315DD /* AppDelegate.swift in Sources */,
			);
			runOnlyForDeploymentPostprocessing = 0;
		};
		5A05916B19C1F4F300A315DD /* Sources */ = {
			isa = PBXSourcesBuildPhase;
			buildActionMask = 2147483647;
			files = (
				5A05917619C1F4F300A315DD /* PostkarteTests.swift in Sources */,
			);
			runOnlyForDeploymentPostprocessing = 0;
		};
/* End PBXSourcesBuildPhase section */

/* Begin PBXTargetDependency section */
		5A05917119C1F4F300A315DD /* PBXTargetDependency */ = {
			isa = PBXTargetDependency;
			target = 5A05915919C1F4F300A315DD /* Postkarte */;
			targetProxy = 5A05917019C1F4F300A315DD /* PBXContainerItemProxy */;
		};
/* End PBXTargetDependency section */

/* Begin PBXVariantGroup section */
		5A05916319C1F4F300A315DD /* Main.storyboard */ = {
			isa = PBXVariantGroup;
			children = (
				5A05916419C1F4F300A315DD /* Base */,
			);
			name = Main.storyboard;
			sourceTree = "<group>";
		};
		5A05916819C1F4F300A315DD /* LaunchScreen.xib */ = {
			isa = PBXVariantGroup;
			children = (
				5A05916919C1F4F300A315DD /* Base */,
			);
			name = LaunchScreen.xib;
			sourceTree = "<group>";
		};
/* End PBXVariantGroup section */

/* Begin XCBuildConfiguration section */
		5A05917719C1F4F300A315DD /* Debug */ = {
			isa = XCBuildConfiguration;
			buildSettings = {
				ALWAYS_SEARCH_USER_PATHS = NO;
				CLANG_CXX_LANGUAGE_STANDARD = "gnu++0x";
				CLANG_CXX_LIBRARY = "libc++";
				CLANG_ENABLE_MODULES = YES;
				CLANG_ENABLE_OBJC_ARC = YES;
				CLANG_WARN_BOOL_CONVERSION = YES;
				CLANG_WARN_CONSTANT_CONVERSION = YES;
				CLANG_WARN_DIRECT_OBJC_ISA_USAGE = YES_ERROR;
				CLANG_WARN_EMPTY_BODY = YES;
				CLANG_WARN_ENUM_CONVERSION = YES;
				CLANG_WARN_INT_CONVERSION = YES;
				CLANG_WARN_OBJC_ROOT_CLASS = YES_ERROR;
				CLANG_WARN_UNREACHABLE_CODE = YES;
				CLANG_WARN__DUPLICATE_METHOD_MATCH = YES;
				"CODE_SIGN_IDENTITY[sdk=iphoneos*]" = "iPhone Developer";
				COPY_PHASE_STRIP = NO;
				ENABLE_STRICT_OBJC_MSGSEND = YES;
				GCC_C_LANGUAGE_STANDARD = gnu99;
				GCC_DYNAMIC_NO_PIC = NO;
				GCC_OPTIMIZATION_LEVEL = 0;
				GCC_PREPROCESSOR_DEFINITIONS = (
					"DEBUG=1",
					"$(inherited)",
				);
				GCC_SYMBOLS_PRIVATE_EXTERN = NO;
				GCC_WARN_64_TO_32_BIT_CONVERSION = YES;
				GCC_WARN_ABOUT_RETURN_TYPE = YES_ERROR;
				GCC_WARN_UNDECLARED_SELECTOR = YES;
				GCC_WARN_UNINITIALIZED_AUTOS = YES_AGGRESSIVE;
				GCC_WARN_UNUSED_FUNCTION = YES;
				GCC_WARN_UNUSED_VARIABLE = YES;
				IPHONEOS_DEPLOYMENT_TARGET = 8.0;
				MTL_ENABLE_DEBUG_INFO = YES;
				ONLY_ACTIVE_ARCH = YES;
				SDKROOT = iphoneos;
				SWIFT_OPTIMIZATION_LEVEL = "-Onone";
			};
			name = Debug;
		};
		5A05917819C1F4F300A315DD /* Release */ = {
			isa = XCBuildConfiguration;
			buildSettings = {
				ALWAYS_SEARCH_USER_PATHS = NO;
				CLANG_CXX_LANGUAGE_STANDARD = "gnu++0x";
				CLANG_CXX_LIBRARY = "libc++";
				CLANG_ENABLE_MODULES = YES;
				CLANG_ENABLE_OBJC_ARC = YES;
				CLANG_WARN_BOOL_CONVERSION = YES;
				CLANG_WARN_CONSTANT_CONVERSION = YES;
				CLANG_WARN_DIRECT_OBJC_ISA_USAGE = YES_ERROR;
				CLANG_WARN_EMPTY_BODY = YES;
				CLANG_WARN_ENUM_CONVERSION = YES;
				CLANG_WARN_INT_CONVERSION = YES;
				CLANG_WARN_OBJC_ROOT_CLASS = YES_ERROR;
				CLANG_WARN_UNREACHABLE_CODE = YES;
				CLANG_WARN__DUPLICATE_METHOD_MATCH = YES;
				"CODE_SIGN_IDENTITY[sdk=iphoneos*]" = "iPhone Developer";
				COPY_PHASE_STRIP = YES;
				ENABLE_NS_ASSERTIONS = NO;
				ENABLE_STRICT_OBJC_MSGSEND = YES;
				GCC_C_LANGUAGE_STANDARD = gnu99;
				GCC_WARN_64_TO_32_BIT_CONVERSION = YES;
				GCC_WARN_ABOUT_RETURN_TYPE = YES_ERROR;
				GCC_WARN_UNDECLARED_SELECTOR = YES;
				GCC_WARN_UNINITIALIZED_AUTOS = YES_AGGRESSIVE;
				GCC_WARN_UNUSED_FUNCTION = YES;
				GCC_WARN_UNUSED_VARIABLE = YES;
				IPHONEOS_DEPLOYMENT_TARGET = 8.0;
				MTL_ENABLE_DEBUG_INFO = NO;
				SDKROOT = iphoneos;
				VALIDATE_PRODUCT = YES;
			};
			name = Release;
		};
		5A05917A19C1F4F300A315DD /* Debug */ = {
			isa = XCBuildConfiguration;
			buildSettings = {
				ASSETCATALOG_COMPILER_APPICON_NAME = AppIcon;
				INFOPLIST_FILE = Postkarte/Info.plist;
				LD_RUNPATH_SEARCH_PATHS = "$(inherited) @executable_path/Frameworks";
				PRODUCT_NAME = "$(TARGET_NAME)";
			};
			name = Debug;
		};
		5A05917B19C1F4F300A315DD /* Release */ = {
			isa = XCBuildConfiguration;
			buildSettings = {
				ASSETCATALOG_COMPILER_APPICON_NAME = AppIcon;
				INFOPLIST_FILE = Postkarte/Info.plist;
				LD_RUNPATH_SEARCH_PATHS = "$(inherited) @executable_path/Frameworks";
				PRODUCT_NAME = "$(TARGET_NAME)";
			};
			name = Release;
		};
		5A05917D19C1F4F300A315DD /* Debug */ = {
			isa = XCBuildConfiguration;
			buildSettings = {
				BUNDLE_LOADER = "$(TEST_HOST)";
				FRAMEWORK_SEARCH_PATHS = (
					"$(SDKROOT)/Developer/Library/Frameworks",
					"$(inherited)",
				);
				GCC_PREPROCESSOR_DEFINITIONS = (
					"DEBUG=1",
					"$(inherited)",
				);
				INFOPLIST_FILE = PostkarteTests/Info.plist;
				LD_RUNPATH_SEARCH_PATHS = "$(inherited) @executable_path/Frameworks @loader_path/Frameworks";
				PRODUCT_NAME = "$(TARGET_NAME)";
				TEST_HOST = "$(BUILT_PRODUCTS_DIR)/Postkarte.app/Postkarte";
			};
			name = Debug;
		};
		5A05917E19C1F4F300A315DD /* Release */ = {
			isa = XCBuildConfiguration;
			buildSettings = {
				BUNDLE_LOADER = "$(TEST_HOST)";
				FRAMEWORK_SEARCH_PATHS = (
					"$(SDKROOT)/Developer/Library/Frameworks",
					"$(inherited)",
				);
				INFOPLIST_FILE = PostkarteTests/Info.plist;
				LD_RUNPATH_SEARCH_PATHS = "$(inherited) @executable_path/Frameworks @loader_path/Frameworks";
				PRODUCT_NAME = "$(TARGET_NAME)";
				TEST_HOST = "$(BUILT_PRODUCTS_DIR)/Postkarte.app/Postkarte";
			};
			name = Release;
		};
/* End XCBuildConfiguration section */

/* Begin XCConfigurationList section */
		5A05915519C1F4F300A315DD /* Build configuration list for PBXProject "Postkarte" */ = {
			isa = XCConfigurationList;
			buildConfigurations = (
				5A05917719C1F4F300A315DD /* Debug */,
				5A05917819C1F4F300A315DD /* Release */,
			);
			defaultConfigurationIsVisible = 0;
			defaultConfigurationName = Release;
		};
		5A05917919C1F4F300A315DD /* Build configuration list for PBXNativeTarget "Postkarte" */ = {
			isa = XCConfigurationList;
			buildConfigurations = (
				5A05917A19C1F4F300A315DD /* Debug */,
				5A05917B19C1F4F300A315DD /* Release */,
			);
			defaultConfigurationIsVisible = 0;
		};
		5A05917C19C1F4F300A315DD /* Build configuration list for PBXNativeTarget "PostkarteTests" */ = {
			isa = XCConfigurationList;
			buildConfigurations = (
				5A05917D19C1F4F300A315DD /* Debug */,
				5A05917E19C1F4F300A315DD /* Release */,
			);
			defaultConfigurationIsVisible = 0;
		};
/* End XCConfigurationList section */
	};
	rootObject = 5A05915219C1F4F300A315DD /* Project object */;
}
